
Microsoft Visual Studio Solution File, Format Version 12.00
# Visual Studio Version 16
VisualStudioVersion = 16.0.31829.152
MinimumVisualStudioVersion = 10.0.40219.1
Project("{FAE04EC0-301F-11D3-BF4B-00C04F79EFBC}") = "MCD_AbstractOdev2", "MCD_AbstractOdev2\MCD_AbstractOdev2.csproj", "{B66D7C37-B3A8-4E20-8294-189B4C2D2AC0}"
EndProject
Global
	GlobalSection(SolutionConfigurationPlatforms) = preSolution
		Debug|Any CPU = Debug|Any CPU
		Release|Any CPU = Release|Any CPU
	EndGlobalSection
	GlobalSection(ProjectConfigurationPlatforms) = postSolution
		{B66D7C37-B3A8-4E20-8294-189B4C2D2AC0}.Debug|Any CPU.ActiveCfg = Debug|Any CPU
		{B66D7C37-B3A8-4E20-8294-189B4C2D2AC0}.Debug|Any CPU.Build.0 = Debug|Any CPU
		{B66D7C37-B3A8-4E20-8294-189B4C2D2AC0}.Release|Any CPU.ActiveCfg = Release|Any CPU
		{B66D7C37-B3A8-4E20-8294-189B4C2D2AC0}.Release|Any CPU.Build.0 = Release|Any CPU
	EndGlobalSection
	GlobalSection(SolutionProperties) = preSolution
		HideSolutionNode = FALSE
	EndGlobalSection
	GlobalSection(ExtensibilityGlobals) = postSolution
		SolutionGuid = {EB376D99-D34B-4EC4-BEFD-4EB1A4F444BD}
	EndGlobalSection
EndGlobal
